// !$*UTF8*$!
{
	archiveVersion = 1;
	classes = {
	};
	objectVersion = 77;
	objects = {

/* Begin PBXBuildFile section */
		20AD69D14E35ABCF73EF311C /* ClipboardManager.swift in Sources */ = {isa = PBXBuildFile; fileRef = 011CFDE8F8D1032CB49C6C1E /* ClipboardManager.swift */; };
		23447D0CF8F17603402F0E8F /* TranslateBarApp.swift in Sources */ = {isa = PBXBuildFile; fileRef = ED7FD89F9E8D0DB44FD51BA8 /* TranslateBarApp.swift */; };
		4B7E8D66E79BF6DE272353D4 /* AccessibilityHelper.swift in Sources */ = {isa = PBXBuildFile; fileRef = 690DB4D3D4CEDF79A23E3DD9 /* AccessibilityHelper.swift */; };
		56FEE6015DEA523A0EA35698 /* PopoverView.swift in Sources */ = {isa = PBXBuildFile; fileRef = A78C35E6057374C4B6CEFA03 /* PopoverView.swift */; };
		584B0EDE9273A3F8174718CA /* OpenAIClient.swift in Sources */ = {isa = PBXBuildFile; fileRef = 3358585B02C4691E54D8EFC0 /* OpenAIClient.swift */; };
		6231D24FA7ECA9D79E8BA0EC /* TrialManager.swift in Sources */ = {isa = PBXBuildFile; fileRef = 8589F9494B53DCF5EFFC4AEB /* TrialManager.swift */; };
		73E7035C626E2AF1E31A616A /* AppViewModel.swift in Sources */ = {isa = PBXBuildFile; fileRef = 04DD7210A1400D923A20B57E /* AppViewModel.swift */; };
		74B2F9AFD5B301E70178F644 /* StatusBarController.swift in Sources */ = {isa = PBXBuildFile; fileRef = 9C6459FFEE26B59D5EF26ECF /* StatusBarController.swift */; };
		8E2221C3F986A03A8C427877 /* TranslationHUD.swift in Sources */ = {isa = PBXBuildFile; fileRef = 18AC814B02B2AAC4CD237A79 /* TranslationHUD.swift */; };
		9336082C40B96B6BC4B82CBC /* KeychainHelper.swift in Sources */ = {isa = PBXBuildFile; fileRef = AC643C30198744DD235DE188 /* KeychainHelper.swift */; };
		CB233A9164FE7E1F47EDF2DA /* HotkeyManager.swift in Sources */ = {isa = PBXBuildFile; fileRef = 8D9902FCABBCA588EBFD0441 /* HotkeyManager.swift */; };
		F3B44C9DA90D4B504E4C0D13 /* Assets.xcassets in Resources */ = {isa = PBXBuildFile; fileRef = 04A6059AF5A027AC795B64AF /* Assets.xcassets */; };
/* End PBXBuildFile section */

/* Begin PBXFileReference section */
		011CFDE8F8D1032CB49C6C1E /* ClipboardManager.swift */ = {isa = PBXFileReference; lastKnownFileType = sourcecode.swift; path = ClipboardManager.swift; sourceTree = "<group>"; };
		04A6059AF5A027AC795B64AF /* Assets.xcassets */ = {isa = PBXFileReference; lastKnownFileType = folder.assetcatalog; path = Assets.xcassets; sourceTree = "<group>"; };
		04DD7210A1400D923A20B57E /* AppViewModel.swift */ = {isa = PBXFileReference; lastKnownFileType = sourcecode.swift; path = AppViewModel.swift; sourceTree = "<group>"; };
		18AC814B02B2AAC4CD237A79 /* TranslationHUD.swift */ = {isa = PBXFileReference; lastKnownFileType = sourcecode.swift; path = TranslationHUD.swift; sourceTree = "<group>"; };
		3358585B02C4691E54D8EFC0 /* OpenAIClient.swift */ = {isa = PBXFileReference; lastKnownFileType = sourcecode.swift; path = OpenAIClient.swift; sourceTree = "<group>"; };
		690DB4D3D4CEDF79A23E3DD9 /* AccessibilityHelper.swift */ = {isa = PBXFileReference; lastKnownFileType = sourcecode.swift; path = AccessibilityHelper.swift; sourceTree = "<group>"; };
		8589F9494B53DCF5EFFC4AEB /* TrialManager.swift */ = {isa = PBXFileReference; lastKnownFileType = sourcecode.swift; path = TrialManager.swift; sourceTree = "<group>"; };
		8D9902FCABBCA588EBFD0441 /* HotkeyManager.swift */ = {isa = PBXFileReference; lastKnownFileType = sourcecode.swift; path = HotkeyManager.swift; sourceTree = "<group>"; };
		9C6459FFEE26B59D5EF26ECF /* StatusBarController.swift */ = {isa = PBXFileReference; lastKnownFileType = sourcecode.swift; path = StatusBarController.swift; sourceTree = "<group>"; };
		A01DFB61F57FB8EC0E6C4249 /* Info.plist */ = {isa = PBXFileReference; lastKnownFileType = text.plist; path = Info.plist; sourceTree = "<group>"; };
		A78C35E6057374C4B6CEFA03 /* PopoverView.swift */ = {isa = PBXFileReference; lastKnownFileType = sourcecode.swift; path = PopoverView.swift; sourceTree = "<group>"; };
		AC643C30198744DD235DE188 /* KeychainHelper.swift */ = {isa = PBXFileReference; lastKnownFileType = sourcecode.swift; path = KeychainHelper.swift; sourceTree = "<group>"; };
		ED7FD89F9E8D0DB44FD51BA8 /* TranslateBarApp.swift */ = {isa = PBXFileReference; lastKnownFileType = sourcecode.swift; path = TranslateBarApp.swift; sourceTree = "<group>"; };
		EF5B3388F3E78837FC9DC3DA /* TranslateBar.app */ = {isa = PBXFileReference; explicitFileType = wrapper.application; includeInIndex = 0; path = TranslateBar.app; sourceTree = BUILT_PRODUCTS_DIR; };
/* End PBXFileReference section */

/* Begin PBXGroup section */
		4EDA5329C1C55D683A099473 /* Products */ = {
			isa = PBXGroup;
			children = (
				EF5B3388F3E78837FC9DC3DA /* TranslateBar.app */,
			);
			name = Products;
			sourceTree = "<group>";
		};
		61151DF97EB9814E6D3A1A48 = {
			isa = PBXGroup;
			children = (
				93004A7B3866AA69FCB5C719 /* TranslateBar */,
				4EDA5329C1C55D683A099473 /* Products */,
			);
			sourceTree = "<group>";
		};
		93004A7B3866AA69FCB5C719 /* TranslateBar */ = {
			isa = PBXGroup;
			children = (
				690DB4D3D4CEDF79A23E3DD9 /* AccessibilityHelper.swift */,
				04DD7210A1400D923A20B57E /* AppViewModel.swift */,
				04A6059AF5A027AC795B64AF /* Assets.xcassets */,
				011CFDE8F8D1032CB49C6C1E /* ClipboardManager.swift */,
				8D9902FCABBCA588EBFD0441 /* HotkeyManager.swift */,
				A01DFB61F57FB8EC0E6C4249 /* Info.plist */,
				AC643C30198744DD235DE188 /* KeychainHelper.swift */,
				3358585B02C4691E54D8EFC0 /* OpenAIClient.swift */,
				A78C35E6057374C4B6CEFA03 /* PopoverView.swift */,
				9C6459FFEE26B59D5EF26ECF /* StatusBarController.swift */,
				ED7FD89F9E8D0DB44FD51BA8 /* TranslateBarApp.swift */,
				18AC814B02B2AAC4CD237A79 /* TranslationHUD.swift */,
				8589F9494B53DCF5EFFC4AEB /* TrialManager.swift */,
			);
			path = TranslateBar;
			sourceTree = "<group>";
		};
/* End PBXGroup section */

/* Begin PBXNativeTarget section */
		2EB62211BA94CC6825467158 /* TranslateBar */ = {
			isa = PBXNativeTarget;
			buildConfigurationList = 9CC540BDACD143F297A6D36C /* Build configuration list for PBXNativeTarget "TranslateBar" */;
			buildPhases = (
				1DC923AF5541CBAB7B357066 /* Sources */,
				F831300BBD9EAAE1C46082BE /* Resources */,
			);
			buildRules = (
			);
			dependencies = (
			);
			name = TranslateBar;
			packageProductDependencies = (
			);
			productName = TranslateBar;
			productReference = EF5B3388F3E78837FC9DC3DA /* TranslateBar.app */;
			productType = "com.apple.product-type.application";
		};
/* End PBXNativeTarget section */

/* Begin PBXProject section */
		10839F575C07EFFA616078AC /* Project object */ = {
			isa = PBXProject;
			attributes = {
				BuildIndependentTargetsInParallel = YES;
				LastUpgradeCheck = 1500;
				TargetAttributes = {
					2EB62211BA94CC6825467158 = {
						ProvisioningStyle = Manual;
					};
				};
			};
			buildConfigurationList = EB6114C9431233BD8B18CA82 /* Build configuration list for PBXProject "TransLite" */;
			compatibilityVersion = "Xcode 14.0";
			developmentRegion = en;
			hasScannedForEncodings = 0;
			knownRegions = (
				Base,
				en,
			);
			mainGroup = 61151DF97EB9814E6D3A1A48;
			minimizedProjectReferenceProxies = 1;
			preferredProjectObjectVersion = 77;
			projectDirPath = "";
			projectRoot = "";
			targets = (
				2EB62211BA94CC6825467158 /* TranslateBar */,
			);
		};
/* End PBXProject section */

/* Begin PBXResourcesBuildPhase section */
		F831300BBD9EAAE1C46082BE /* Resources */ = {
			isa = PBXResourcesBuildPhase;
			buildActionMask = 2147483647;
			files = (
				F3B44C9DA90D4B504E4C0D13 /* Assets.xcassets in Resources */,
			);
			runOnlyForDeploymentPostprocessing = 0;
		};
/* End PBXResourcesBuildPhase section */

/* Begin PBXSourcesBuildPhase section */
		1DC923AF5541CBAB7B357066 /* Sources */ = {
			isa = PBXSourcesBuildPhase;
			buildActionMask = 2147483647;
			files = (
				4B7E8D66E79BF6DE272353D4 /* AccessibilityHelper.swift in Sources */,
				73E7035C626E2AF1E31A616A /* AppViewModel.swift in Sources */,
				20AD69D14E35ABCF73EF311C /* ClipboardManager.swift in Sources */,
				CB233A9164FE7E1F47EDF2DA /* HotkeyManager.swift in Sources */,
				9336082C40B96B6BC4B82CBC /* KeychainHelper.swift in Sources */,
				584B0EDE9273A3F8174718CA /* OpenAIClient.swift in Sources */,
				56FEE6015DEA523A0EA35698 /* PopoverView.swift in Sources */,
				74B2F9AFD5B301E70178F644 /* StatusBarController.swift in Sources */,
				23447D0CF8F17603402F0E8F /* TranslateBarApp.swift in Sources */,
				8E2221C3F986A03A8C427877 /* TranslationHUD.swift in Sources */,
				6231D24FA7ECA9D79E8BA0EC /* TrialManager.swift in Sources */,
			);
			runOnlyForDeploymentPostprocessing = 0;
		};
/* End PBXSourcesBuildPhase section */

/* Begin XCBuildConfiguration section */
		93B722D47A6DCC80046A3AD4 /* Release */ = {
			isa = XCBuildConfiguration;
			buildSettings = {
				ASSETCATALOG_COMPILER_APPICON_NAME = AppIcon;
				CODE_SIGN_ENTITLEMENTS = TranslateBar/TranslateBar.entitlements;
				COMBINE_HIDPI_IMAGES = YES;
				INFOPLIST_FILE = TranslateBar/Info.plist;
				LD_RUNPATH_SEARCH_PATHS = (
					"$(inherited)",
					"@executable_path/../Frameworks",
				);
				PRODUCT_BUNDLE_IDENTIFIER = com.translite.app;
				PRODUCT_NAME = TransLite;
				SDKROOT = macosx;
			};
			name = Release;
		};
		D04AA8F5597A910E33259922 /* Release */ = {
			isa = XCBuildConfiguration;
			buildSettings = {
				ALWAYS_SEARCH_USER_PATHS = NO;
				CLANG_ANALYZER_NONNULL = YES;
				CLANG_ANALYZER_NUMBER_OBJECT_CONVERSION = YES_AGGRESSIVE;
				CLANG_CXX_LANGUAGE_STANDARD = "gnu++14";
				CLANG_CXX_LIBRARY = "libc++";
				CLANG_ENABLE_MODULES = YES;
				CLANG_ENABLE_OBJC_ARC = YES;
				CLANG_ENABLE_OBJC_WEAK = YES;
				CLANG_WARN_BLOCK_CAPTURE_AUTORELEASING = YES;
				CLANG_WARN_BOOL_CONVERSION = YES;
				CLANG_WARN_COMMA = YES;
				CLANG_WARN_CONSTANT_CONVERSION = YES;
				CLANG_WARN_DEPRECATED_OBJC_IMPLEMENTATIONS = YES;
				CLANG_WARN_DIRECT_OBJC_ISA_USAGE = YES_ERROR;
				CLANG_WARN_DOCUMENTATION_COMMENTS = YES;
				CLANG_WARN_EMPTY_BODY = YES;
				CLANG_WARN_ENUM_CONVERSION = YES;
				CLANG_WARN_INFINITE_RECURSION = YES;
				CLANG_WARN_INT_CONVERSION = YES;
				CLANG_WARN_NON_LITERAL_NULL_CONVERSION = YES;
				CLANG_WARN_OBJC_IMPLICIT_RETAIN_SELF = YES;
				CLANG_WARN_OBJC_LITERAL_CONVERSION = YES;
				CLANG_WARN_OBJC_ROOT_CLASS = YES_ERROR;
				CLANG_WARN_QUOTED_INCLUDE_IN_FRAMEWORK_HEADER = YES;
				CLANG_WARN_RANGE_LOOP_ANALYSIS = YES;
				CLANG_WARN_STRICT_PROTOTYPES = YES;
				CLANG_WARN_SUSPICIOUS_MOVE = YES;
				CLANG_WARN_UNGUARDED_AVAILABILITY = YES_AGGRESSIVE;
				CLANG_WARN_UNREACHABLE_CODE = YES;
				CLANG_WARN__DUPLICATE_METHOD_MATCH = YES;
				CODE_SIGN_IDENTITY = "-";
				CODE_SIGN_STYLE = Manual;
				COPY_PHASE_STRIP = NO;
				CURRENT_PROJECT_VERSION = 1;
				DEBUG_INFORMATION_FORMAT = "dwarf-with-dsym";
				ENABLE_HARDENED_RUNTIME = NO;
				ENABLE_NS_ASSERTIONS = NO;
				ENABLE_STRICT_OBJC_MSGSEND = YES;
				GCC_C_LANGUAGE_STANDARD = gnu11;
				GCC_NO_COMMON_BLOCKS = YES;
				GCC_WARN_64_TO_32_BIT_CONVERSION = YES;
				GCC_WARN_ABOUT_RETURN_TYPE = YES_ERROR;
				GCC_WARN_UNDECLARED_SELECTOR = YES;
				GCC_WARN_UNINITIALIZED_AUTOS = YES_AGGRESSIVE;
				GCC_WARN_UNUSED_FUNCTION = YES;
				GCC_WARN_UNUSED_VARIABLE = YES;
				MACOSX_DEPLOYMENT_TARGET = 13.0;
				MARKETING_VERSION = 1.0;
				MTL_ENABLE_DEBUG_INFO = NO;
				MTL_FAST_MATH = YES;
				PRODUCT_NAME = "$(TARGET_NAME)";
				SDKROOT = macosx;
				SWIFT_COMPILATION_MODE = wholemodule;
				SWIFT_OPTIMIZATION_LEVEL = "-O";
				SWIFT_VERSION = 5.9;
			};
			name = Release;
		};
		D5D23DD187DA84975F669BFB /* Debug */ = {
			isa = XCBuildConfiguration;
			buildSettings = {
				ALWAYS_SEARCH_USER_PATHS = NO;
				CLANG_ANALYZER_NONNULL = YES;
				CLANG_ANALYZER_NUMBER_OBJECT_CONVERSION = YES_AGGRESSIVE;
				CLANG_CXX_LANGUAGE_STANDARD = "gnu++14";
				CLANG_CXX_LIBRARY = "libc++";
				CLANG_ENABLE_MODULES = YES;
				CLANG_ENABLE_OBJC_ARC = YES;
				CLANG_ENABLE_OBJC_WEAK = YES;
				CLANG_WARN_BLOCK_CAPTURE_AUTORELEASING = YES;
				CLANG_WARN_BOOL_CONVERSION = YES;
				CLANG_WARN_COMMA = YES;
				CLANG_WARN_CONSTANT_CONVERSION = YES;
				CLANG_WARN_DEPRECATED_OBJC_IMPLEMENTATIONS = YES;
				CLANG_WARN_DIRECT_OBJC_ISA_USAGE = YES_ERROR;
				CLANG_WARN_DOCUMENTATION_COMMENTS = YES;
				CLANG_WARN_EMPTY_BODY = YES;
				CLANG_WARN_ENUM_CONVERSION = YES;
				CLANG_WARN_INFINITE_RECURSION = YES;
				CLANG_WARN_INT_CONVERSION = YES;
				CLANG_WARN_NON_LITERAL_NULL_CONVERSION = YES;
				CLANG_WARN_OBJC_IMPLICIT_RETAIN_SELF = YES;
				CLANG_WARN_OBJC_LITERAL_CONVERSION = YES;
				CLANG_WARN_OBJC_ROOT_CLASS = YES_ERROR;
				CLANG_WARN_QUOTED_INCLUDE_IN_FRAMEWORK_HEADER = YES;
				CLANG_WARN_RANGE_LOOP_ANALYSIS = YES;
				CLANG_WARN_STRICT_PROTOTYPES = YES;
				CLANG_WARN_SUSPICIOUS_MOVE = YES;
				CLANG_WARN_UNGUARDED_AVAILABILITY = YES_AGGRESSIVE;
				CLANG_WARN_UNREACHABLE_CODE = YES;
				CLANG_WARN__DUPLICATE_METHOD_MATCH = YES;
				CODE_SIGN_IDENTITY = "-";
				CODE_SIGN_STYLE = Manual;
				COPY_PHASE_STRIP = NO;
				CURRENT_PROJECT_VERSION = 1;
				DEBUG_INFORMATION_FORMAT = dwarf;
				ENABLE_HARDENED_RUNTIME = NO;
				ENABLE_STRICT_OBJC_MSGSEND = YES;
				ENABLE_TESTABILITY = YES;
				GCC_C_LANGUAGE_STANDARD = gnu11;
				GCC_DYNAMIC_NO_PIC = NO;
				GCC_NO_COMMON_BLOCKS = YES;
				GCC_OPTIMIZATION_LEVEL = 0;
				GCC_PREPROCESSOR_DEFINITIONS = (
					"$(inherited)",
					"DEBUG=1",
				);
				GCC_WARN_64_TO_32_BIT_CONVERSION = YES;
				GCC_WARN_ABOUT_RETURN_TYPE = YES_ERROR;
				GCC_WARN_UNDECLARED_SELECTOR = YES;
				GCC_WARN_UNINITIALIZED_AUTOS = YES_AGGRESSIVE;
				GCC_WARN_UNUSED_FUNCTION = YES;
				GCC_WARN_UNUSED_VARIABLE = YES;
				MACOSX_DEPLOYMENT_TARGET = 13.0;
				MARKETING_VERSION = 1.0;
				MTL_ENABLE_DEBUG_INFO = INCLUDE_SOURCE;
				MTL_FAST_MATH = YES;
				ONLY_ACTIVE_ARCH = YES;
				PRODUCT_NAME = "$(TARGET_NAME)";
				SDKROOT = macosx;
				SWIFT_ACTIVE_COMPILATION_CONDITIONS = DEBUG;
				SWIFT_OPTIMIZATION_LEVEL = "-Onone";
				SWIFT_VERSION = 5.9;
			};
			name = Debug;
		};
		D7650901BCCCC8ABF5098CCA /* Debug */ = {
			isa = XCBuildConfiguration;
			buildSettings = {
				ASSETCATALOG_COMPILER_APPICON_NAME = AppIcon;
				CODE_SIGN_ENTITLEMENTS = TranslateBar/TranslateBar.entitlements;
				COMBINE_HIDPI_IMAGES = YES;
				INFOPLIST_FILE = TranslateBar/Info.plist;
				LD_RUNPATH_SEARCH_PATHS = (
					"$(inherited)",
					"@executable_path/../Frameworks",
				);
				PRODUCT_BUNDLE_IDENTIFIER = com.translite.app;
				PRODUCT_NAME = TransLite;
				SDKROOT = macosx;
			};
			name = Debug;
		};
/* End XCBuildConfiguration section */

/* Begin XCConfigurationList section */
		9CC540BDACD143F297A6D36C /* Build configuration list for PBXNativeTarget "TranslateBar" */ = {
			isa = XCConfigurationList;
			buildConfigurations = (
				D7650901BCCCC8ABF5098CCA /* Debug */,
				93B722D47A6DCC80046A3AD4 /* Release */,
			);
			defaultConfigurationIsVisible = 0;
			defaultConfigurationName = Debug;
		};
		EB6114C9431233BD8B18CA82 /* Build configuration list for PBXProject "TransLite" */ = {
			isa = XCConfigurationList;
			buildConfigurations = (
				D5D23DD187DA84975F669BFB /* Debug */,
				D04AA8F5597A910E33259922 /* Release */,
			);
			defaultConfigurationIsVisible = 0;
			defaultConfigurationName = Debug;
		};
/* End XCConfigurationList section */
	};
	rootObject = 10839F575C07EFFA616078AC /* Project object */;
}
